// !$*UTF8*$!
{
    archiveVersion = 1;
    classes = {};
    objectVersion = 46;
    rootObject = __RootObject_;
    objects = {
        __RootObject_ = {
            isa = PBXProject;
            attributes = {LastUpgradeCheck = 9999;};
            buildConfigurationList = ___RootConfs_;
            compatibilityVersion = 'Xcode 3.2';
            developmentRegion = English;
            hasScannedForEncodings = 0;
            knownRegions = (en);
            mainGroup = ___RootGroup_;
            productRefGroup = ____Products_;
            projectDirPath = '';
            projectRoot = '';
            targets = (______Target_Runes, ______Target_Argo);
        };
        '__PBXFileRef_Package.swift' = {
            isa = PBXFileReference;
            lastKnownFileType = sourcecode.swift;
            path = 'Package.swift';
            sourceTree = '<group>';
        };
        '__PBXFileRef_Documentation' = {
            isa = PBXFileReference;
            lastKnownFileType = folder;
            name = 'Documentation';
            path = 'Documentation';
            sourceTree = '<group>';
        };
        '__PBXFileRef_Resources' = {
            isa = PBXFileReference;
            lastKnownFileType = folder;
            name = 'Resources';
            path = 'Resources';
            sourceTree = '<group>';
        };
        ___RootGroup_ = {
            isa = PBXGroup;
            children = ('__PBXFileRef_Package.swift', _____Configs_, _____Sources_, '__PBXFileRef_Documentation','__PBXFileRef_Resources', Dependencies_, _______Tests_, ____Products_);
            sourceTree = '<group>';
        };
        _______Group_Runes = {
            isa = PBXGroup;
            name = 'Runes';
            path = 'Packages/Runes-4.0.0-beta/Sources';
            sourceTree = '<group>';
            children = ('__PBXFileRef_Packages/Runes-4.0.0-beta/Sources/Array.swift', '__PBXFileRef_Packages/Runes-4.0.0-beta/Sources/Optional.swift', '__PBXFileRef_Packages/Runes-4.0.0-beta/Sources/Runes.swift');
        };
        '__PBXFileRef_Packages/Runes-4.0.0-beta/Sources/Array.swift' = {
            isa = PBXFileReference;
            lastKnownFileType = sourcecode.swift;
            path = 'Array.swift';
            sourceTree = '<group>';
        };
        '__PBXFileRef_Packages/Runes-4.0.0-beta/Sources/Optional.swift' = {
            isa = PBXFileReference;
            lastKnownFileType = sourcecode.swift;
            path = 'Optional.swift';
            sourceTree = '<group>';
        };
        '__PBXFileRef_Packages/Runes-4.0.0-beta/Sources/Runes.swift' = {
            isa = PBXFileReference;
            lastKnownFileType = sourcecode.swift;
            path = 'Runes.swift';
            sourceTree = '<group>';
        };
        ______Target_Runes = {
            isa = PBXNativeTarget;
            buildConfigurationList = _______Confs_Runes;
            buildPhases = (CompilePhase_Runes, ___LinkPhase_Runes);
            buildRules = ();
            dependencies = ();
            name = 'Runes';
            productName = Runes;
            productReference = _____Product_Runes;
            productType = 'com.apple.product-type.framework';
        };
        _____Product_Runes = {
            isa = PBXFileReference;
            explicitFileType = 'wrapper.framework';
            path = 'Runes.framework';
            sourceTree = BUILT_PRODUCTS_DIR;
        };
        CompilePhase_Runes = {
            isa = PBXSourcesBuildPhase;
            files = ('__src_cc_ref_Packages/Runes-4.0.0-beta/Sources/Array.swift', '__src_cc_ref_Packages/Runes-4.0.0-beta/Sources/Optional.swift', '__src_cc_ref_Packages/Runes-4.0.0-beta/Sources/Runes.swift');
            runOnlyForDeploymentPostprocessing = 0;
        };
        '__src_cc_ref_Packages/Runes-4.0.0-beta/Sources/Array.swift' = {
            isa = PBXBuildFile;
            fileRef = '__PBXFileRef_Packages/Runes-4.0.0-beta/Sources/Array.swift';
        };
        '__src_cc_ref_Packages/Runes-4.0.0-beta/Sources/Optional.swift' = {
            isa = PBXBuildFile;
            fileRef = '__PBXFileRef_Packages/Runes-4.0.0-beta/Sources/Optional.swift';
        };
        '__src_cc_ref_Packages/Runes-4.0.0-beta/Sources/Runes.swift' = {
            isa = PBXBuildFile;
            fileRef = '__PBXFileRef_Packages/Runes-4.0.0-beta/Sources/Runes.swift';
        };
        ___LinkPhase_Runes = {
            isa = PBXFrameworksBuildPhase;
            files = ();
            runOnlyForDeploymentPostprocessing = 0;
        };
        _______Confs_Runes = {
            isa = XCConfigurationList;
            buildConfigurations = (___DebugConf_Runes, _ReleaseConf_Runes);
            defaultConfigurationIsVisible = 0;
            defaultConfigurationName = Debug;
        };
        ___DebugConf_Runes = {
            isa = XCBuildConfiguration;
            buildSettings = { SWIFT_VERSION = '3.0'; LD_RUNPATH_SEARCH_PATHS = '$(TOOLCHAIN_DIR)/usr/lib/swift/macosx'; PRODUCT_MODULE_NAME = '$(TARGET_NAME:c99extidentifier)'; ENABLE_TESTABILITY = 'YES'; OTHER_SWIFT_FLAGS = '$(inherited)'; INFOPLIST_FILE = 'Argo.xcodeproj/Runes_Info.plist'; FRAMEWORK_SEARCH_PATHS = '$(PLATFORM_DIR)/Developer/Library/Frameworks'; SWIFT_OPTIMIZATION_LEVEL = '-Onone'; PRODUCT_BUNDLE_IDENTIFIER = 'Runes'; PRODUCT_NAME = '$(TARGET_NAME:c99extidentifier)'; OTHER_LDFLAGS = '$(inherited)'; };
            name = Debug;
        };
        _ReleaseConf_Runes = {
            isa = XCBuildConfiguration;
            buildSettings = { SWIFT_VERSION = '3.0'; LD_RUNPATH_SEARCH_PATHS = '$(TOOLCHAIN_DIR)/usr/lib/swift/macosx'; PRODUCT_MODULE_NAME = '$(TARGET_NAME:c99extidentifier)'; ENABLE_TESTABILITY = 'YES'; OTHER_SWIFT_FLAGS = '$(inherited)'; INFOPLIST_FILE = 'Argo.xcodeproj/Runes_Info.plist'; FRAMEWORK_SEARCH_PATHS = '$(PLATFORM_DIR)/Developer/Library/Frameworks'; PRODUCT_BUNDLE_IDENTIFIER = 'Runes'; PRODUCT_NAME = '$(TARGET_NAME:c99extidentifier)'; OTHER_LDFLAGS = '$(inherited)'; };
            name = Release;
        };
        __Dependency_Runes = {
            isa = PBXTargetDependency;
            target = ______Target_Runes;
        };
        _______Group_Argo = {
            isa = PBXGroup;
            name = 'Argo';
            path = 'Sources';
            sourceTree = '<group>';
            children = ('__PBXFileRef_Sources/Alternative.swift', '__PBXFileRef_Sources/Applicative.swift', '__PBXFileRef_Sources/Argo.swift', '__PBXFileRef_Sources/catDecoded.swift', '__PBXFileRef_Sources/Decodable.swift', '__PBXFileRef_Sources/decode.swift', '__PBXFileRef_Sources/Decoded.swift', '__PBXFileRef_Sources/DecodeError.swift', '__PBXFileRef_Sources/Dictionary.swift', '__PBXFileRef_Sources/FailureCoalescing.swift', '__PBXFileRef_Sources/flatReduce.swift', '__PBXFileRef_Sources/Functor.swift', '__PBXFileRef_Sources/JSON.swift', '__PBXFileRef_Sources/Monad.swift', '__PBXFileRef_Sources/NSNumber.swift', '__PBXFileRef_Sources/RawRepresentable.swift', '__PBXFileRef_Sources/sequence.swift', '__PBXFileRef_Sources/StandardTypes.swift');
        };
        '__PBXFileRef_Sources/Alternative.swift' = {
            isa = PBXFileReference;
            lastKnownFileType = sourcecode.swift;
            path = 'Alternative.swift';
            sourceTree = '<group>';
        };
        '__PBXFileRef_Sources/Applicative.swift' = {
            isa = PBXFileReference;
            lastKnownFileType = sourcecode.swift;
            path = 'Applicative.swift';
            sourceTree = '<group>';
        };
        '__PBXFileRef_Sources/Argo.swift' = {
            isa = PBXFileReference;
            lastKnownFileType = sourcecode.swift;
            path = 'Argo.swift';
            sourceTree = '<group>';
        };
        '__PBXFileRef_Sources/catDecoded.swift' = {
            isa = PBXFileReference;
            lastKnownFileType = sourcecode.swift;
            path = 'catDecoded.swift';
            sourceTree = '<group>';
        };
        '__PBXFileRef_Sources/Decodable.swift' = {
            isa = PBXFileReference;
            lastKnownFileType = sourcecode.swift;
            path = 'Decodable.swift';
            sourceTree = '<group>';
        };
        '__PBXFileRef_Sources/decode.swift' = {
            isa = PBXFileReference;
            lastKnownFileType = sourcecode.swift;
            path = 'decode.swift';
            sourceTree = '<group>';
        };
        '__PBXFileRef_Sources/Decoded.swift' = {
            isa = PBXFileReference;
            lastKnownFileType = sourcecode.swift;
            path = 'Decoded.swift';
            sourceTree = '<group>';
        };
        '__PBXFileRef_Sources/DecodeError.swift' = {
            isa = PBXFileReference;
            lastKnownFileType = sourcecode.swift;
            path = 'DecodeError.swift';
            sourceTree = '<group>';
        };
        '__PBXFileRef_Sources/Dictionary.swift' = {
            isa = PBXFileReference;
            lastKnownFileType = sourcecode.swift;
            path = 'Dictionary.swift';
            sourceTree = '<group>';
        };
        '__PBXFileRef_Sources/FailureCoalescing.swift' = {
            isa = PBXFileReference;
            lastKnownFileType = sourcecode.swift;
            path = 'FailureCoalescing.swift';
            sourceTree = '<group>';
        };
        '__PBXFileRef_Sources/flatReduce.swift' = {
            isa = PBXFileReference;
            lastKnownFileType = sourcecode.swift;
            path = 'flatReduce.swift';
            sourceTree = '<group>';
        };
        '__PBXFileRef_Sources/Functor.swift' = {
            isa = PBXFileReference;
            lastKnownFileType = sourcecode.swift;
            path = 'Functor.swift';
            sourceTree = '<group>';
        };
        '__PBXFileRef_Sources/JSON.swift' = {
            isa = PBXFileReference;
            lastKnownFileType = sourcecode.swift;
            path = 'JSON.swift';
            sourceTree = '<group>';
        };
        '__PBXFileRef_Sources/Monad.swift' = {
            isa = PBXFileReference;
            lastKnownFileType = sourcecode.swift;
            path = 'Monad.swift';
            sourceTree = '<group>';
        };
        '__PBXFileRef_Sources/NSNumber.swift' = {
            isa = PBXFileReference;
            lastKnownFileType = sourcecode.swift;
            path = 'NSNumber.swift';
            sourceTree = '<group>';
        };
        '__PBXFileRef_Sources/RawRepresentable.swift' = {
            isa = PBXFileReference;
            lastKnownFileType = sourcecode.swift;
            path = 'RawRepresentable.swift';
            sourceTree = '<group>';
        };
        '__PBXFileRef_Sources/sequence.swift' = {
            isa = PBXFileReference;
            lastKnownFileType = sourcecode.swift;
            path = 'sequence.swift';
            sourceTree = '<group>';
        };
        '__PBXFileRef_Sources/StandardTypes.swift' = {
            isa = PBXFileReference;
            lastKnownFileType = sourcecode.swift;
            path = 'StandardTypes.swift';
            sourceTree = '<group>';
        };
        ______Target_Argo = {
            isa = PBXNativeTarget;
            buildConfigurationList = _______Confs_Argo;
            buildPhases = (CompilePhase_Argo, ___LinkPhase_Argo);
            buildRules = ();
            dependencies = (__Dependency_Runes);
            name = 'Argo';
            productName = Argo;
            productReference = _____Product_Argo;
            productType = 'com.apple.product-type.framework';
        };
        _____Product_Argo = {
            isa = PBXFileReference;
            explicitFileType = 'wrapper.framework';
            path = 'Argo.framework';
            sourceTree = BUILT_PRODUCTS_DIR;
        };
        CompilePhase_Argo = {
            isa = PBXSourcesBuildPhase;
            files = ('__src_cc_ref_Sources/Alternative.swift', '__src_cc_ref_Sources/Applicative.swift', '__src_cc_ref_Sources/Argo.swift', '__src_cc_ref_Sources/catDecoded.swift', '__src_cc_ref_Sources/Decodable.swift', '__src_cc_ref_Sources/decode.swift', '__src_cc_ref_Sources/Decoded.swift', '__src_cc_ref_Sources/DecodeError.swift', '__src_cc_ref_Sources/Dictionary.swift', '__src_cc_ref_Sources/FailureCoalescing.swift', '__src_cc_ref_Sources/flatReduce.swift', '__src_cc_ref_Sources/Functor.swift', '__src_cc_ref_Sources/JSON.swift', '__src_cc_ref_Sources/Monad.swift', '__src_cc_ref_Sources/NSNumber.swift', '__src_cc_ref_Sources/RawRepresentable.swift', '__src_cc_ref_Sources/sequence.swift', '__src_cc_ref_Sources/StandardTypes.swift');
            runOnlyForDeploymentPostprocessing = 0;
        };
        '__src_cc_ref_Sources/Alternative.swift' = {
            isa = PBXBuildFile;
            fileRef = '__PBXFileRef_Sources/Alternative.swift';
        };
        '__src_cc_ref_Sources/Applicative.swift' = {
            isa = PBXBuildFile;
            fileRef = '__PBXFileRef_Sources/Applicative.swift';
        };
        '__src_cc_ref_Sources/Argo.swift' = {
            isa = PBXBuildFile;
            fileRef = '__PBXFileRef_Sources/Argo.swift';
        };
        '__src_cc_ref_Sources/catDecoded.swift' = {
            isa = PBXBuildFile;
            fileRef = '__PBXFileRef_Sources/catDecoded.swift';
        };
        '__src_cc_ref_Sources/Decodable.swift' = {
            isa = PBXBuildFile;
            fileRef = '__PBXFileRef_Sources/Decodable.swift';
        };
        '__src_cc_ref_Sources/decode.swift' = {
            isa = PBXBuildFile;
            fileRef = '__PBXFileRef_Sources/decode.swift';
        };
        '__src_cc_ref_Sources/Decoded.swift' = {
            isa = PBXBuildFile;
            fileRef = '__PBXFileRef_Sources/Decoded.swift';
        };
        '__src_cc_ref_Sources/DecodeError.swift' = {
            isa = PBXBuildFile;
            fileRef = '__PBXFileRef_Sources/DecodeError.swift';
        };
        '__src_cc_ref_Sources/Dictionary.swift' = {
            isa = PBXBuildFile;
            fileRef = '__PBXFileRef_Sources/Dictionary.swift';
        };
        '__src_cc_ref_Sources/FailureCoalescing.swift' = {
            isa = PBXBuildFile;
            fileRef = '__PBXFileRef_Sources/FailureCoalescing.swift';
        };
        '__src_cc_ref_Sources/flatReduce.swift' = {
            isa = PBXBuildFile;
            fileRef = '__PBXFileRef_Sources/flatReduce.swift';
        };
        '__src_cc_ref_Sources/Functor.swift' = {
            isa = PBXBuildFile;
            fileRef = '__PBXFileRef_Sources/Functor.swift';
        };
        '__src_cc_ref_Sources/JSON.swift' = {
            isa = PBXBuildFile;
            fileRef = '__PBXFileRef_Sources/JSON.swift';
        };
        '__src_cc_ref_Sources/Monad.swift' = {
            isa = PBXBuildFile;
            fileRef = '__PBXFileRef_Sources/Monad.swift';
        };
        '__src_cc_ref_Sources/NSNumber.swift' = {
            isa = PBXBuildFile;
            fileRef = '__PBXFileRef_Sources/NSNumber.swift';
        };
        '__src_cc_ref_Sources/RawRepresentable.swift' = {
            isa = PBXBuildFile;
            fileRef = '__PBXFileRef_Sources/RawRepresentable.swift';
        };
        '__src_cc_ref_Sources/sequence.swift' = {
            isa = PBXBuildFile;
            fileRef = '__PBXFileRef_Sources/sequence.swift';
        };
        '__src_cc_ref_Sources/StandardTypes.swift' = {
            isa = PBXBuildFile;
            fileRef = '__PBXFileRef_Sources/StandardTypes.swift';
        };
        ___LinkPhase_Argo = {
            isa = PBXFrameworksBuildPhase;
            files = (_LinkFileRef_Runes_via_Argo);
            runOnlyForDeploymentPostprocessing = 0;
        };
        _LinkFileRef_Runes_via_Argo = {
            isa = PBXBuildFile;
            fileRef = _____Product_Runes;
        };
        _______Confs_Argo = {
            isa = XCConfigurationList;
            buildConfigurations = (___DebugConf_Argo, _ReleaseConf_Argo);
            defaultConfigurationIsVisible = 0;
            defaultConfigurationName = Debug;
        };
        ___DebugConf_Argo = {
            isa = XCBuildConfiguration;
            buildSettings = { SWIFT_VERSION = '3.0'; LD_RUNPATH_SEARCH_PATHS = '$(TOOLCHAIN_DIR)/usr/lib/swift/macosx'; PRODUCT_MODULE_NAME = '$(TARGET_NAME:c99extidentifier)'; ENABLE_TESTABILITY = 'YES'; OTHER_SWIFT_FLAGS = '$(inherited)'; INFOPLIST_FILE = 'Argo.xcodeproj/Argo_Info.plist'; FRAMEWORK_SEARCH_PATHS = '$(PLATFORM_DIR)/Developer/Library/Frameworks'; SWIFT_OPTIMIZATION_LEVEL = '-Onone'; PRODUCT_BUNDLE_IDENTIFIER = 'Argo'; PRODUCT_NAME = '$(TARGET_NAME:c99extidentifier)'; OTHER_LDFLAGS = '$(inherited)'; };
            name = Debug;
        };
        _ReleaseConf_Argo = {
            isa = XCBuildConfiguration;
            buildSettings = { SWIFT_VERSION = '3.0'; LD_RUNPATH_SEARCH_PATHS = '$(TOOLCHAIN_DIR)/usr/lib/swift/macosx'; PRODUCT_MODULE_NAME = '$(TARGET_NAME:c99extidentifier)'; ENABLE_TESTABILITY = 'YES'; OTHER_SWIFT_FLAGS = '$(inherited)'; INFOPLIST_FILE = 'Argo.xcodeproj/Argo_Info.plist'; FRAMEWORK_SEARCH_PATHS = '$(PLATFORM_DIR)/Developer/Library/Frameworks'; PRODUCT_BUNDLE_IDENTIFIER = 'Argo'; PRODUCT_NAME = '$(TARGET_NAME:c99extidentifier)'; OTHER_LDFLAGS = '$(inherited)'; };
            name = Release;
        };
        __Dependency_Argo = {
            isa = PBXTargetDependency;
            target = ______Target_Argo;
        };
        '__PBXFileRef_Argo.xcodeproj/Configs/Project.xcconfig' = {
            isa = PBXFileReference;
            lastKnownFileType = text.xcconfig;
            path = 'Argo.xcodeproj/Configs/Project.xcconfig';
            sourceTree = '<group>';
        };
        _____Configs_ = {
            isa = PBXGroup;
            children = ('__PBXFileRef_Argo.xcodeproj/Configs/Project.xcconfig');
            name = Configs;
            sourceTree = '<group>';
        };
        _____Sources_ = {
            isa = PBXGroup;
            children = (_______Group_Runes, _______Group_Argo);
            name = Sources;
            sourceTree = '<group>';
        };
        Dependencies_ = {
            isa = PBXGroup;
            children = (_______Group_Runes);
            name = Dependencies;
            sourceTree = '<group>';
        };
        ____Products_ = {
            isa = PBXGroup;
            children = (_____Product_Runes, _____Product_Argo);
            name = Products;
            sourceTree = '<group>';
        };
        _______Debug_ = {
            isa = XCBuildConfiguration;
            baseConfigurationReference = '__PBXFileRef_Argo.xcodeproj/Configs/Project.xcconfig';
            buildSettings = {};
            name = Debug;
        };
        _____Release_ = {
            isa = XCBuildConfiguration;
            baseConfigurationReference = '__PBXFileRef_Argo.xcodeproj/Configs/Project.xcconfig';
            buildSettings = {};
            name = Release;
        };
        ___RootConfs_ = {
            isa = XCConfigurationList;
            buildConfigurations = (_______Debug_, _____Release_);
            defaultConfigurationIsVisible = 0;
            defaultConfigurationName = Debug;
        };
    };
}
